// !$*UTF8*$!
{
	archiveVersion = 1;
	classes = {
	};
	objectVersion = 46;
	objects = {

/* Begin PBXBuildFile section */
		79697189FA2700722B60B4BE /* Pods_AlamofireMocksTests.framework in Frameworks */ = {isa = PBXBuildFile; fileRef = 6EBA84DF98FFD268F32D24D9 /* Pods_AlamofireMocksTests.framework */; };
		DBDA2EF978C1D9996804A248 /* Pods_AlamofireMocks.framework in Frameworks */ = {isa = PBXBuildFile; fileRef = E59332F3B808D579D5F8CC19 /* Pods_AlamofireMocks.framework */; };
		E5894FEB1F725F1300B32738 /* AlamofireMocks.framework in Frameworks */ = {isa = PBXBuildFile; fileRef = E5894FE11F725F1300B32738 /* AlamofireMocks.framework */; };
		E5894FF01F725F1300B32738 /* AlamofireMocksTests.swift in Sources */ = {isa = PBXBuildFile; fileRef = E5894FEF1F725F1300B32738 /* AlamofireMocksTests.swift */; };
		E5894FF21F725F1300B32738 /* AlamofireMocks.h in Headers */ = {isa = PBXBuildFile; fileRef = E5894FE41F725F1300B32738 /* AlamofireMocks.h */; settings = {ATTRIBUTES = (Public, ); }; };
		E589500F1F72840B00B32738 /* MockDataRequest.swift in Sources */ = {isa = PBXBuildFile; fileRef = E589500B1F72840B00B32738 /* MockDataRequest.swift */; };
		E58950101F72840B00B32738 /* MockSessionManager.swift in Sources */ = {isa = PBXBuildFile; fileRef = E589500C1F72840B00B32738 /* MockSessionManager.swift */; };
		E58950121F72840B00B32738 /* SessionManagerProtocol.swift in Sources */ = {isa = PBXBuildFile; fileRef = E589500E1F72840B00B32738 /* SessionManagerProtocol.swift */; };
		E58950151F72842900B32738 /* DataRequestProtocol.swift in Sources */ = {isa = PBXBuildFile; fileRef = E58950141F72842900B32738 /* DataRequestProtocol.swift */; };
		E58950181F72850D00B32738 /* Alamofire.framework in Frameworks */ = {isa = PBXBuildFile; fileRef = E58950171F72850D00B32738 /* Alamofire.framework */; };
/* End PBXBuildFile section */

/* Begin PBXContainerItemProxy section */
		E5894FEC1F725F1300B32738 /* PBXContainerItemProxy */ = {
			isa = PBXContainerItemProxy;
			containerPortal = E5894FD81F725F1300B32738 /* Project object */;
			proxyType = 1;
			remoteGlobalIDString = E5894FE01F725F1300B32738;
			remoteInfo = AlamofireMocks;
		};
/* End PBXContainerItemProxy section */

/* Begin PBXFileReference section */
		0EFB84E816141D65507FF48D /* Pods-AlamofireMocksTests.debug.xcconfig */ = {isa = PBXFileReference; includeInIndex = 1; lastKnownFileType = text.xcconfig; name = "Pods-AlamofireMocksTests.debug.xcconfig"; path = "Pods/Target Support Files/Pods-AlamofireMocksTests/Pods-AlamofireMocksTests.debug.xcconfig"; sourceTree = "<group>"; };
		1052697DDD83272137C1375C /* Pods-AlamofireMocks.debug.xcconfig */ = {isa = PBXFileReference; includeInIndex = 1; lastKnownFileType = text.xcconfig; name = "Pods-AlamofireMocks.debug.xcconfig"; path = "Pods/Target Support Files/Pods-AlamofireMocks/Pods-AlamofireMocks.debug.xcconfig"; sourceTree = "<group>"; };
		4D29B78FE3DCEC19948521FA /* Pods-AlamofireMocksTests.release.xcconfig */ = {isa = PBXFileReference; includeInIndex = 1; lastKnownFileType = text.xcconfig; name = "Pods-AlamofireMocksTests.release.xcconfig"; path = "Pods/Target Support Files/Pods-AlamofireMocksTests/Pods-AlamofireMocksTests.release.xcconfig"; sourceTree = "<group>"; };
		6EBA84DF98FFD268F32D24D9 /* Pods_AlamofireMocksTests.framework */ = {isa = PBXFileReference; explicitFileType = wrapper.framework; includeInIndex = 0; path = Pods_AlamofireMocksTests.framework; sourceTree = BUILT_PRODUCTS_DIR; };
		D8C5E23BFC4D4FB563E6CA3D /* Pods-AlamofireMocks.release.xcconfig */ = {isa = PBXFileReference; includeInIndex = 1; lastKnownFileType = text.xcconfig; name = "Pods-AlamofireMocks.release.xcconfig"; path = "Pods/Target Support Files/Pods-AlamofireMocks/Pods-AlamofireMocks.release.xcconfig"; sourceTree = "<group>"; };
		E5894FE11F725F1300B32738 /* AlamofireMocks.framework */ = {isa = PBXFileReference; explicitFileType = wrapper.framework; includeInIndex = 0; path = AlamofireMocks.framework; sourceTree = BUILT_PRODUCTS_DIR; };
		E5894FE41F725F1300B32738 /* AlamofireMocks.h */ = {isa = PBXFileReference; lastKnownFileType = sourcecode.c.h; path = AlamofireMocks.h; sourceTree = "<group>"; };
		E5894FE51F725F1300B32738 /* Info.plist */ = {isa = PBXFileReference; lastKnownFileType = text.plist.xml; path = Info.plist; sourceTree = "<group>"; };
		E5894FEA1F725F1300B32738 /* AlamofireMocksTests.xctest */ = {isa = PBXFileReference; explicitFileType = wrapper.cfbundle; includeInIndex = 0; path = AlamofireMocksTests.xctest; sourceTree = BUILT_PRODUCTS_DIR; };
		E5894FEF1F725F1300B32738 /* AlamofireMocksTests.swift */ = {isa = PBXFileReference; lastKnownFileType = sourcecode.swift; path = AlamofireMocksTests.swift; sourceTree = "<group>"; };
		E5894FF11F725F1300B32738 /* Info.plist */ = {isa = PBXFileReference; lastKnownFileType = text.plist.xml; path = Info.plist; sourceTree = "<group>"; };
		E589500B1F72840B00B32738 /* MockDataRequest.swift */ = {isa = PBXFileReference; fileEncoding = 4; lastKnownFileType = sourcecode.swift; path = MockDataRequest.swift; sourceTree = "<group>"; };
		E589500C1F72840B00B32738 /* MockSessionManager.swift */ = {isa = PBXFileReference; fileEncoding = 4; lastKnownFileType = sourcecode.swift; path = MockSessionManager.swift; sourceTree = "<group>"; };
		E589500E1F72840B00B32738 /* SessionManagerProtocol.swift */ = {isa = PBXFileReference; fileEncoding = 4; lastKnownFileType = sourcecode.swift; path = SessionManagerProtocol.swift; sourceTree = "<group>"; };
		E58950141F72842900B32738 /* DataRequestProtocol.swift */ = {isa = PBXFileReference; fileEncoding = 4; lastKnownFileType = sourcecode.swift; path = DataRequestProtocol.swift; sourceTree = "<group>"; };
		E58950171F72850D00B32738 /* Alamofire.framework */ = {isa = PBXFileReference; lastKnownFileType = wrapper.framework; name = Alamofire.framework; path = Frameworks/Alamofire.framework; sourceTree = "<group>"; };
		E59332F3B808D579D5F8CC19 /* Pods_AlamofireMocks.framework */ = {isa = PBXFileReference; explicitFileType = wrapper.framework; includeInIndex = 0; path = Pods_AlamofireMocks.framework; sourceTree = BUILT_PRODUCTS_DIR; };
/* End PBXFileReference section */

/* Begin PBXFrameworksBuildPhase section */
		E5894FDD1F725F1300B32738 /* Frameworks */ = {
			isa = PBXFrameworksBuildPhase;
			buildActionMask = 2147483647;
			files = (
				E58950181F72850D00B32738 /* Alamofire.framework in Frameworks */,
				DBDA2EF978C1D9996804A248 /* Pods_AlamofireMocks.framework in Frameworks */,
			);
			runOnlyForDeploymentPostprocessing = 0;
		};
		E5894FE71F725F1300B32738 /* Frameworks */ = {
			isa = PBXFrameworksBuildPhase;
			buildActionMask = 2147483647;
			files = (
				E5894FEB1F725F1300B32738 /* AlamofireMocks.framework in Frameworks */,
				79697189FA2700722B60B4BE /* Pods_AlamofireMocksTests.framework in Frameworks */,
			);
			runOnlyForDeploymentPostprocessing = 0;
		};
/* End PBXFrameworksBuildPhase section */

/* Begin PBXGroup section */
		D83599B0545D1335F49415DD /* Pods */ = {
			isa = PBXGroup;
			children = (
				1052697DDD83272137C1375C /* Pods-AlamofireMocks.debug.xcconfig */,
				D8C5E23BFC4D4FB563E6CA3D /* Pods-AlamofireMocks.release.xcconfig */,
				0EFB84E816141D65507FF48D /* Pods-AlamofireMocksTests.debug.xcconfig */,
				4D29B78FE3DCEC19948521FA /* Pods-AlamofireMocksTests.release.xcconfig */,
			);
			name = Pods;
			sourceTree = "<group>";
		};
		E5894FD71F725F1300B32738 = {
			isa = PBXGroup;
			children = (
				E5894FE31F725F1300B32738 /* AlamofireMocks */,
				E5894FEE1F725F1300B32738 /* AlamofireMocksTests */,
				E5894FE21F725F1300B32738 /* Products */,
				E58950161F7284FF00B32738 /* Frameworks */,
				D83599B0545D1335F49415DD /* Pods */,
			);
			sourceTree = "<group>";
		};
		E5894FE21F725F1300B32738 /* Products */ = {
			isa = PBXGroup;
			children = (
				E5894FE11F725F1300B32738 /* AlamofireMocks.framework */,
				E5894FEA1F725F1300B32738 /* AlamofireMocksTests.xctest */,
			);
			name = Products;
			sourceTree = "<group>";
		};
		E5894FE31F725F1300B32738 /* AlamofireMocks */ = {
			isa = PBXGroup;
			children = (
				E58950131F72841300B32738 /* Protocols */,
				E589500B1F72840B00B32738 /* MockDataRequest.swift */,
				E589500C1F72840B00B32738 /* MockSessionManager.swift */,
				E5894FE41F725F1300B32738 /* AlamofireMocks.h */,
				E5894FE51F725F1300B32738 /* Info.plist */,
			);
			path = AlamofireMocks;
			sourceTree = "<group>";
		};
		E5894FEE1F725F1300B32738 /* AlamofireMocksTests */ = {
			isa = PBXGroup;
			children = (
				E5894FEF1F725F1300B32738 /* AlamofireMocksTests.swift */,
				E5894FF11F725F1300B32738 /* Info.plist */,
			);
			path = AlamofireMocksTests;
			sourceTree = "<group>";
		};
		E58950131F72841300B32738 /* Protocols */ = {
			isa = PBXGroup;
			children = (
				E589500E1F72840B00B32738 /* SessionManagerProtocol.swift */,
				E58950141F72842900B32738 /* DataRequestProtocol.swift */,
			);
			name = Protocols;
			sourceTree = "<group>";
		};
		E58950161F7284FF00B32738 /* Frameworks */ = {
			isa = PBXGroup;
			children = (
				E58950171F72850D00B32738 /* Alamofire.framework */,
				E59332F3B808D579D5F8CC19 /* Pods_AlamofireMocks.framework */,
				6EBA84DF98FFD268F32D24D9 /* Pods_AlamofireMocksTests.framework */,
			);
			name = Frameworks;
			sourceTree = "<group>";
		};
/* End PBXGroup section */

/* Begin PBXHeadersBuildPhase section */
		E5894FDE1F725F1300B32738 /* Headers */ = {
			isa = PBXHeadersBuildPhase;
			buildActionMask = 2147483647;
			files = (
				E5894FF21F725F1300B32738 /* AlamofireMocks.h in Headers */,
			);
			runOnlyForDeploymentPostprocessing = 0;
		};
/* End PBXHeadersBuildPhase section */

/* Begin PBXNativeTarget section */
		E5894FE01F725F1300B32738 /* AlamofireMocks */ = {
			isa = PBXNativeTarget;
			buildConfigurationList = E5894FF51F725F1300B32738 /* Build configuration list for PBXNativeTarget "AlamofireMocks" */;
			buildPhases = (
				D7007E2D2570F06C6653FB90 /* [CP] Check Pods Manifest.lock */,
				E5894FDC1F725F1300B32738 /* Sources */,
				E5894FDD1F725F1300B32738 /* Frameworks */,
				E5894FDE1F725F1300B32738 /* Headers */,
				E5894FDF1F725F1300B32738 /* Resources */,
				C58477F3C6638CEC40141C21 /* [CP] Copy Pods Resources */,
			);
			buildRules = (
			);
			dependencies = (
			);
			name = AlamofireMocks;
			productName = AlamofireMocks;
			productReference = E5894FE11F725F1300B32738 /* AlamofireMocks.framework */;
			productType = "com.apple.product-type.framework";
		};
		E5894FE91F725F1300B32738 /* AlamofireMocksTests */ = {
			isa = PBXNativeTarget;
			buildConfigurationList = E5894FF81F725F1300B32738 /* Build configuration list for PBXNativeTarget "AlamofireMocksTests" */;
			buildPhases = (
				F5B0898043F7E35C0F82BC80 /* [CP] Check Pods Manifest.lock */,
				E5894FE61F725F1300B32738 /* Sources */,
				E5894FE71F725F1300B32738 /* Frameworks */,
				E5894FE81F725F1300B32738 /* Resources */,
				99DE5B7769763D8374AF5A93 /* [CP] Embed Pods Frameworks */,
				4F43B05F96357DE7C7AFD388 /* [CP] Copy Pods Resources */,
			);
			buildRules = (
			);
			dependencies = (
				E5894FED1F725F1300B32738 /* PBXTargetDependency */,
			);
			name = AlamofireMocksTests;
			productName = AlamofireMocksTests;
			productReference = E5894FEA1F725F1300B32738 /* AlamofireMocksTests.xctest */;
			productType = "com.apple.product-type.bundle.unit-test";
		};
/* End PBXNativeTarget section */

/* Begin PBXProject section */
		E5894FD81F725F1300B32738 /* Project object */ = {
			isa = PBXProject;
			attributes = {
				LastSwiftUpdateCheck = 0830;
				LastUpgradeCheck = 0830;
				ORGANIZATIONNAME = "Colin Harris";
				TargetAttributes = {
					E5894FE01F725F1300B32738 = {
						CreatedOnToolsVersion = 8.3.2;
						LastSwiftMigration = 0830;
						ProvisioningStyle = Automatic;
					};
					E5894FE91F725F1300B32738 = {
						CreatedOnToolsVersion = 8.3.2;
						ProvisioningStyle = Automatic;
					};
				};
			};
			buildConfigurationList = E5894FDB1F725F1300B32738 /* Build configuration list for PBXProject "AlamofireMocks" */;
			compatibilityVersion = "Xcode 3.2";
			developmentRegion = English;
			hasScannedForEncodings = 0;
			knownRegions = (
				en,
			);
			mainGroup = E5894FD71F725F1300B32738;
			productRefGroup = E5894FE21F725F1300B32738 /* Products */;
			projectDirPath = "";
			projectRoot = "";
			targets = (
				E5894FE01F725F1300B32738 /* AlamofireMocks */,
				E5894FE91F725F1300B32738 /* AlamofireMocksTests */,
			);
		};
/* End PBXProject section */

/* Begin PBXResourcesBuildPhase section */
		E5894FDF1F725F1300B32738 /* Resources */ = {
			isa = PBXResourcesBuildPhase;
			buildActionMask = 2147483647;
			files = (
			);
			runOnlyForDeploymentPostprocessing = 0;
		};
		E5894FE81F725F1300B32738 /* Resources */ = {
			isa = PBXResourcesBuildPhase;
			buildActionMask = 2147483647;
			files = (
			);
			runOnlyForDeploymentPostprocessing = 0;
		};
/* End PBXResourcesBuildPhase section */

/* Begin PBXShellScriptBuildPhase section */
		4F43B05F96357DE7C7AFD388 /* [CP] Copy Pods Resources */ = {
			isa = PBXShellScriptBuildPhase;
			buildActionMask = 2147483647;
			files = (
			);
			inputPaths = (
			);
			name = "[CP] Copy Pods Resources";
			outputPaths = (
			);
			runOnlyForDeploymentPostprocessing = 0;
			shellPath = /bin/sh;
			shellScript = "\"${SRCROOT}/Pods/Target Support Files/Pods-AlamofireMocksTests/Pods-AlamofireMocksTests-resources.sh\"\n";
			showEnvVarsInLog = 0;
		};
		99DE5B7769763D8374AF5A93 /* [CP] Embed Pods Frameworks */ = {
			isa = PBXShellScriptBuildPhase;
			buildActionMask = 2147483647;
			files = (
			);
			inputPaths = (
				"${SRCROOT}/Pods/Target Support Files/Pods-AlamofireMocksTests/Pods-AlamofireMocksTests-frameworks.sh",
				"${BUILT_PRODUCTS_DIR}/Alamofire/Alamofire.framework",
			);
			name = "[CP] Embed Pods Frameworks";
			outputPaths = (
				"${TARGET_BUILD_DIR}/${FRAMEWORKS_FOLDER_PATH}/Alamofire.framework",
			);
			runOnlyForDeploymentPostprocessing = 0;
			shellPath = /bin/sh;
			shellScript = "\"${SRCROOT}/Pods/Target Support Files/Pods-AlamofireMocksTests/Pods-AlamofireMocksTests-frameworks.sh\"\n";
			showEnvVarsInLog = 0;
		};
		C58477F3C6638CEC40141C21 /* [CP] Copy Pods Resources */ = {
			isa = PBXShellScriptBuildPhase;
			buildActionMask = 2147483647;
			files = (
			);
			inputPaths = (
			);
			name = "[CP] Copy Pods Resources";
			outputPaths = (
			);
			runOnlyForDeploymentPostprocessing = 0;
			shellPath = /bin/sh;
			shellScript = "\"${SRCROOT}/Pods/Target Support Files/Pods-AlamofireMocks/Pods-AlamofireMocks-resources.sh\"\n";
			showEnvVarsInLog = 0;
		};
		D7007E2D2570F06C6653FB90 /* [CP] Check Pods Manifest.lock */ = {
			isa = PBXShellScriptBuildPhase;
			buildActionMask = 2147483647;
			files = (
			);
			inputPaths = (
				"${PODS_PODFILE_DIR_PATH}/Podfile.lock",
				"${PODS_ROOT}/Manifest.lock",
			);
			name = "[CP] Check Pods Manifest.lock";
			outputPaths = (
				"$(DERIVED_FILE_DIR)/Pods-AlamofireMocks-checkManifestLockResult.txt",
			);
			runOnlyForDeploymentPostprocessing = 0;
			shellPath = /bin/sh;
			shellScript = "diff \"${PODS_PODFILE_DIR_PATH}/Podfile.lock\" \"${PODS_ROOT}/Manifest.lock\" > /dev/null\nif [ $? != 0 ] ; then\n    # print error to STDERR\n    echo \"error: The sandbox is not in sync with the Podfile.lock. Run 'pod install' or update your CocoaPods installation.\" >&2\n    exit 1\nfi\n# This output is used by Xcode 'outputs' to avoid re-running this script phase.\necho \"SUCCESS\" > \"${SCRIPT_OUTPUT_FILE_0}\"\n";
			showEnvVarsInLog = 0;
		};
		F5B0898043F7E35C0F82BC80 /* [CP] Check Pods Manifest.lock */ = {
			isa = PBXShellScriptBuildPhase;
			buildActionMask = 2147483647;
			files = (
			);
			inputPaths = (
				"${PODS_PODFILE_DIR_PATH}/Podfile.lock",
				"${PODS_ROOT}/Manifest.lock",
			);
			name = "[CP] Check Pods Manifest.lock";
			outputPaths = (
				"$(DERIVED_FILE_DIR)/Pods-AlamofireMocksTests-checkManifestLockResult.txt",
			);
			runOnlyForDeploymentPostprocessing = 0;
			shellPath = /bin/sh;
			shellScript = "diff \"${PODS_PODFILE_DIR_PATH}/Podfile.lock\" \"${PODS_ROOT}/Manifest.lock\" > /dev/null\nif [ $? != 0 ] ; then\n    # print error to STDERR\n    echo \"error: The sandbox is not in sync with the Podfile.lock. Run 'pod install' or update your CocoaPods installation.\" >&2\n    exit 1\nfi\n# This output is used by Xcode 'outputs' to avoid re-running this script phase.\necho \"SUCCESS\" > \"${SCRIPT_OUTPUT_FILE_0}\"\n";
			showEnvVarsInLog = 0;
		};
/* End PBXShellScriptBuildPhase section */

/* Begin PBXSourcesBuildPhase section */
		E5894FDC1F725F1300B32738 /* Sources */ = {
			isa = PBXSourcesBuildPhase;
			buildActionMask = 2147483647;
			files = (
				E58950121F72840B00B32738 /* SessionManagerProtocol.swift in Sources */,
				E58950151F72842900B32738 /* DataRequestProtocol.swift in Sources */,
				E58950101F72840B00B32738 /* MockSessionManager.swift in Sources */,
				E589500F1F72840B00B32738 /* MockDataRequest.swift in Sources */,
			);
			runOnlyForDeploymentPostprocessing = 0;
		};
		E5894FE61F725F1300B32738 /* Sources */ = {
			isa = PBXSourcesBuildPhase;
			buildActionMask = 2147483647;
			files = (
				E5894FF01F725F1300B32738 /* AlamofireMocksTests.swift in Sources */,
			);
			runOnlyForDeploymentPostprocessing = 0;
		};
/* End PBXSourcesBuildPhase section */

/* Begin PBXTargetDependency section */
		E5894FED1F725F1300B32738 /* PBXTargetDependency */ = {
			isa = PBXTargetDependency;
			target = E5894FE01F725F1300B32738 /* AlamofireMocks */;
			targetProxy = E5894FEC1F725F1300B32738 /* PBXContainerItemProxy */;
		};
/* End PBXTargetDependency section */

/* Begin XCBuildConfiguration section */
		E5894FF31F725F1300B32738 /* Debug */ = {
			isa = XCBuildConfiguration;
			buildSettings = {
				ALWAYS_SEARCH_USER_PATHS = NO;
				CLANG_ANALYZER_NONNULL = YES;
				CLANG_ANALYZER_NUMBER_OBJECT_CONVERSION = YES_AGGRESSIVE;
				CLANG_CXX_LANGUAGE_STANDARD = "gnu++0x";
				CLANG_CXX_LIBRARY = "libc++";
				CLANG_ENABLE_MODULES = YES;
				CLANG_ENABLE_OBJC_ARC = YES;
				CLANG_WARN_BOOL_CONVERSION = YES;
				CLANG_WARN_CONSTANT_CONVERSION = YES;
				CLANG_WARN_DIRECT_OBJC_ISA_USAGE = YES_ERROR;
				CLANG_WARN_DOCUMENTATION_COMMENTS = YES;
				CLANG_WARN_EMPTY_BODY = YES;
				CLANG_WARN_ENUM_CONVERSION = YES;
				CLANG_WARN_INFINITE_RECURSION = YES;
				CLANG_WARN_INT_CONVERSION = YES;
				CLANG_WARN_OBJC_ROOT_CLASS = YES_ERROR;
				CLANG_WARN_SUSPICIOUS_MOVE = YES;
				CLANG_WARN_UNREACHABLE_CODE = YES;
				CLANG_WARN__DUPLICATE_METHOD_MATCH = YES;
				"CODE_SIGN_IDENTITY[sdk=iphoneos*]" = "iPhone Developer";
				COPY_PHASE_STRIP = NO;
				CURRENT_PROJECT_VERSION = 1;
				DEBUG_INFORMATION_FORMAT = dwarf;
				ENABLE_STRICT_OBJC_MSGSEND = YES;
				ENABLE_TESTABILITY = YES;
				GCC_C_LANGUAGE_STANDARD = gnu99;
				GCC_DYNAMIC_NO_PIC = NO;
				GCC_NO_COMMON_BLOCKS = YES;
				GCC_OPTIMIZATION_LEVEL = 0;
				GCC_PREPROCESSOR_DEFINITIONS = (
					"DEBUG=1",
					"$(inherited)",
				);
				GCC_WARN_64_TO_32_BIT_CONVERSION = YES;
				GCC_WARN_ABOUT_RETURN_TYPE = YES_ERROR;
				GCC_WARN_UNDECLARED_SELECTOR = YES;
				GCC_WARN_UNINITIALIZED_AUTOS = YES_AGGRESSIVE;
				GCC_WARN_UNUSED_FUNCTION = YES;
				GCC_WARN_UNUSED_VARIABLE = YES;
				IPHONEOS_DEPLOYMENT_TARGET = 10.3;
				MTL_ENABLE_DEBUG_INFO = YES;
				ONLY_ACTIVE_ARCH = YES;
				SDKROOT = iphoneos;
				SWIFT_ACTIVE_COMPILATION_CONDITIONS = DEBUG;
				SWIFT_OPTIMIZATION_LEVEL = "-Onone";
				TARGETED_DEVICE_FAMILY = "1,2";
				VERSIONING_SYSTEM = "apple-generic";
				VERSION_INFO_PREFIX = "";
			};
			name = Debug;
		};
		E5894FF41F725F1300B32738 /* Release */ = {
			isa = XCBuildConfiguration;
			buildSettings = {
				ALWAYS_SEARCH_USER_PATHS = NO;
				CLANG_ANALYZER_NONNULL = YES;
				CLANG_ANALYZER_NUMBER_OBJECT_CONVERSION = YES_AGGRESSIVE;
				CLANG_CXX_LANGUAGE_STANDARD = "gnu++0x";
				CLANG_CXX_LIBRARY = "libc++";
				CLANG_ENABLE_MODULES = YES;
				CLANG_ENABLE_OBJC_ARC = YES;
				CLANG_WARN_BOOL_CONVERSION = YES;
				CLANG_WARN_CONSTANT_CONVERSION = YES;
				CLANG_WARN_DIRECT_OBJC_ISA_USAGE = YES_ERROR;
				CLANG_WARN_DOCUMENTATION_COMMENTS = YES;
				CLANG_WARN_EMPTY_BODY = YES;
				CLANG_WARN_ENUM_CONVERSION = YES;
				CLANG_WARN_INFINITE_RECURSION = YES;
				CLANG_WARN_INT_CONVERSION = YES;
				CLANG_WARN_OBJC_ROOT_CLASS = YES_ERROR;
				CLANG_WARN_SUSPICIOUS_MOVE = YES;
				CLANG_WARN_UNREACHABLE_CODE = YES;
				CLANG_WARN__DUPLICATE_METHOD_MATCH = YES;
				"CODE_SIGN_IDENTITY[sdk=iphoneos*]" = "iPhone Developer";
				COPY_PHASE_STRIP = NO;
				CURRENT_PROJECT_VERSION = 1;
				DEBUG_INFORMATION_FORMAT = "dwarf-with-dsym";
				ENABLE_NS_ASSERTIONS = NO;
				ENABLE_STRICT_OBJC_MSGSEND = YES;
				GCC_C_LANGUAGE_STANDARD = gnu99;
				GCC_NO_COMMON_BLOCKS = YES;
				GCC_WARN_64_TO_32_BIT_CONVERSION = YES;
				GCC_WARN_ABOUT_RETURN_TYPE = YES_ERROR;
				GCC_WARN_UNDECLARED_SELECTOR = YES;
				GCC_WARN_UNINITIALIZED_AUTOS = YES_AGGRESSIVE;
				GCC_WARN_UNUSED_FUNCTION = YES;
				GCC_WARN_UNUSED_VARIABLE = YES;
				IPHONEOS_DEPLOYMENT_TARGET = 10.3;
				MTL_ENABLE_DEBUG_INFO = NO;
				SDKROOT = iphoneos;
				SWIFT_OPTIMIZATION_LEVEL = "-Owholemodule";
				TARGETED_DEVICE_FAMILY = "1,2";
				VALIDATE_PRODUCT = YES;
				VERSIONING_SYSTEM = "apple-generic";
				VERSION_INFO_PREFIX = "";
			};
			name = Release;
		};
		E5894FF61F725F1300B32738 /* Debug */ = {
			isa = XCBuildConfiguration;
			baseConfigurationReference = 1052697DDD83272137C1375C /* Pods-AlamofireMocks.debug.xcconfig */;
			buildSettings = {
				CLANG_ENABLE_MODULES = YES;
				CODE_SIGN_IDENTITY = "";
				DEFINES_MODULE = YES;
				DYLIB_COMPATIBILITY_VERSION = 1;
				DYLIB_CURRENT_VERSION = 1;
				DYLIB_INSTALL_NAME_BASE = "@rpath";
				FRAMEWORK_SEARCH_PATHS = (
					"$(inherited)",
					"$(PROJECT_DIR)/Frameworks",
				);
				INFOPLIST_FILE = AlamofireMocks/Info.plist;
				INSTALL_PATH = "$(LOCAL_LIBRARY_DIR)/Frameworks";
				LD_RUNPATH_SEARCH_PATHS = "$(inherited) @executable_path/Frameworks @loader_path/Frameworks";
				PRODUCT_BUNDLE_IDENTIFIER = com.colharris.AlamofireMocks;
				PRODUCT_NAME = "$(TARGET_NAME)";
				SKIP_INSTALL = YES;
				SWIFT_OPTIMIZATION_LEVEL = "-Onone";
				SWIFT_VERSION = 3.0;
			};
			name = Debug;
		};
		E5894FF71F725F1300B32738 /* Release */ = {
			isa = XCBuildConfiguration;
			baseConfigurationReference = D8C5E23BFC4D4FB563E6CA3D /* Pods-AlamofireMocks.release.xcconfig */;
			buildSettings = {
				CLANG_ENABLE_MODULES = YES;
				CODE_SIGN_IDENTITY = "";
				DEFINES_MODULE = YES;
				DYLIB_COMPATIBILITY_VERSION = 1;
				DYLIB_CURRENT_VERSION = 1;
				DYLIB_INSTALL_NAME_BASE = "@rpath";
				FRAMEWORK_SEARCH_PATHS = (
					"$(inherited)",
					"$(PROJECT_DIR)/Frameworks",
				);
				INFOPLIST_FILE = AlamofireMocks/Info.plist;
				INSTALL_PATH = "$(LOCAL_LIBRARY_DIR)/Frameworks";
				LD_RUNPATH_SEARCH_PATHS = "$(inherited) @executable_path/Frameworks @loader_path/Frameworks";
				PRODUCT_BUNDLE_IDENTIFIER = com.colharris.AlamofireMocks;
				PRODUCT_NAME = "$(TARGET_NAME)";
				SKIP_INSTALL = YES;
				SWIFT_VERSION = 3.0;
			};
			name = Release;
		};
		E5894FF91F725F1300B32738 /* Debug */ = {
			isa = XCBuildConfiguration;
			baseConfigurationReference = 0EFB84E816141D65507FF48D /* Pods-AlamofireMocksTests.debug.xcconfig */;
			buildSettings = {
				ALWAYS_EMBED_SWIFT_STANDARD_LIBRARIES = "$(inherited)";
				INFOPLIST_FILE = AlamofireMocksTests/Info.plist;
				LD_RUNPATH_SEARCH_PATHS = "$(inherited) @executable_path/Frameworks @loader_path/Frameworks";
				PRODUCT_BUNDLE_IDENTIFIER = com.colharris.AlamofireMocksTests;
				PRODUCT_NAME = "$(TARGET_NAME)";
				SWIFT_VERSION = 3.0;
			};
			name = Debug;
		};
		E5894FFA1F725F1300B32738 /* Release */ = {
			isa = XCBuildConfiguration;
			baseConfigurationReference = 4D29B78FE3DCEC19948521FA /* Pods-AlamofireMocksTests.release.xcconfig */;
			buildSettings = {
				ALWAYS_EMBED_SWIFT_STANDARD_LIBRARIES = "$(inherited)";
				INFOPLIST_FILE = AlamofireMocksTests/Info.plist;
				LD_RUNPATH_SEARCH_PATHS = "$(inherited) @executable_path/Frameworks @loader_path/Frameworks";
				PRODUCT_BUNDLE_IDENTIFIER = com.colharris.AlamofireMocksTests;
				PRODUCT_NAME = "$(TARGET_NAME)";
				SWIFT_VERSION = 3.0;
			};
			name = Release;
		};
/* End XCBuildConfiguration section */

/* Begin XCConfigurationList section */
		E5894FDB1F725F1300B32738 /* Build configuration list for PBXProject "AlamofireMocks" */ = {
			isa = XCConfigurationList;
			buildConfigurations = (
				E5894FF31F725F1300B32738 /* Debug */,
				E5894FF41F725F1300B32738 /* Release */,
			);
			defaultConfigurationIsVisible = 0;
			defaultConfigurationName = Release;
		};
		E5894FF51F725F1300B32738 /* Build configuration list for PBXNativeTarget "AlamofireMocks" */ = {
			isa = XCConfigurationList;
			buildConfigurations = (
				E5894FF61F725F1300B32738 /* Debug */,
				E5894FF71F725F1300B32738 /* Release */,
			);
			defaultConfigurationIsVisible = 0;
			defaultConfigurationName = Release;
		};
		E5894FF81F725F1300B32738 /* Build configuration list for PBXNativeTarget "AlamofireMocksTests" */ = {
			isa = XCConfigurationList;
			buildConfigurations = (
				E5894FF91F725F1300B32738 /* Debug */,
				E5894FFA1F725F1300B32738 /* Release */,
			);
			defaultConfigurationIsVisible = 0;
			defaultConfigurationName = Release;
		};
/* End XCConfigurationList section */
	};
	rootObject = E5894FD81F725F1300B32738 /* Project object */;
}
